<?xml version="1.0" encoding="utf-8"?>
<Project ToolsVersion="4.0" xmlns="http://schemas.microsoft.com/developer/msbuild/2003">
  <ItemGroup>
    <Filter Include="Source Files">
      <UniqueIdentifier>{4FC737F1-C7A5-4376-A066-2A32D752A2FF}</UniqueIdentifier>
      <Extensions>cpp;c;cc;cxx;def;odl;idl;hpj;bat;asm;asmx</Extensions>
    </Filter>
    <Filter Include="Header Files">
      <UniqueIdentifier>{93995380-89BD-4b04-88EB-625FBE52EBFB}</UniqueIdentifier>
      <Extensions>h;hh;hpp;hxx;hm;inl;inc;xsd</Extensions>
    </Filter>
    <Filter Include="Resource Files">
      <UniqueIdentifier>{67DA6AB6-F800-4c08-8B7A-83BB121AAD01}</UniqueIdentifier>
      <Extensions>rc;ico;cur;bmp;dlg;rc2;rct;bin;rgs;gif;jpg;jpeg;jpe;resx;tiff;tif;png;wav;mfcribbon-ms</Extensions>
    </Filter>
  </ItemGroup>
  <ItemGroup>
    <ResourceCompile Include="OmniScaler.rc">
      <Filter>Resource Files</Filter>
    </ResourceCompile>
  </ItemGroup>
  <ItemGroup>
    <ClCompile Include="main.cpp">
      <Filter>Source Files</Filter>
    </ClCompile>
    <ClCompile Include="modelclass.cpp">
      <Filter>Source Files</Filter>
    </ClCompile>
    <ClCompile Include="OmniScalerD3D.cpp">
      <Filter>Source Files</Filter>
    </ClCompile>
    <ClCompile Include="OmniScalerGraphics.cpp">
      <Filter>Source Files</Filter>
    </ClCompile>
    <ClCompile Include="OmniScalerInput.cpp">
      <Filter>Source Files</Filter>
    </ClCompile>
    <ClCompile Include="OmniScalerSystem.cpp">
      <Filter>Source Files</Filter>
    </ClCompile>
    <ClCompile Include="textureclass.cpp">
      <Filter>Source Files</Filter>
    </ClCompile>
    <ClCompile Include="textureshaderclass.cpp">
      <Filter>Source Files</Filter>
    </ClCompile>
    <ClCompile Include="cameraclass.cpp">
      <Filter>Source Files</Filter>
    </ClCompile>
    <ClCompile Include="CommandParse.cpp">
      <Filter>Source Files</Filter>
    </ClCompile>
    <ClCompile Include="cursormodelclass.cpp">
      <Filter>Source Files</Filter>
    </ClCompile>
    <ClCompile Include="cursorshaderclass.cpp">
      <Filter>Source Files</Filter>
    </ClCompile>
    <ClCompile Include="cursortextureclass.cpp">
      <Filter>Source Files</Filter>
    </ClCompile>
  </ItemGroup>
  <ItemGroup>
    <ClInclude Include="cameraclass.h">
      <Filter>Header Files</Filter>
    </ClInclude>
    <ClInclude Include="CommandParse.h">
      <Filter>Header Files</Filter>
    </ClInclude>
    <ClInclude Include="globals.h">
      <Filter>Header Files</Filter>
    </ClInclude>
    <ClInclude Include="modelclass.h">
      <Filter>Header Files</Filter>
    </ClInclude>
    <ClInclude Include="OmniScalerD3D.h">
      <Filter>Header Files</Filter>
    </ClInclude>
    <ClInclude Include="OmniScalerGraphics.h">
      <Filter>Header Files</Filter>
    </ClInclude>
    <ClInclude Include="OmniScalerInput.h">
      <Filter>Header Files</Filter>
    </ClInclude>
    <ClInclude Include="OmniScalerSystem.h">
      <Filter>Header Files</Filter>
    </ClInclude>
    <ClInclude Include="resource.h">
      <Filter>Header Files</Filter>
    </ClInclude>
    <ClInclude Include="stdafx.h">
      <Filter>Header Files</Filter>
    </ClInclude>
    <ClInclude Include="textureclass.h">
      <Filter>Header Files</Filter>
    </ClInclude>
    <ClInclude Include="textureshaderclass.h">
      <Filter>Header Files</Filter>
    </ClInclude>
    <ClInclude Include="cursormodelclass.h">
      <Filter>Header Files</Filter>
    </ClInclude>
    <ClInclude Include="cursorshaderclass.h">
      <Filter>Header Files</Filter>
    </ClInclude>
    <ClInclude Include="cursortextureclass.h">
      <Filter>Header Files</Filter>
    </ClInclude>
    <ClInclude Include="cursorTexturePixelShader.h">
      <Filter>Header Files</Filter>
    </ClInclude>
    <ClInclude Include="cursorTextureVertexShader.h">
      <Filter>Header Files</Filter>
    </ClInclude>
    <ClInclude Include="TexturePixelShader.h">
      <Filter>Header Files</Filter>
    </ClInclude>
    <ClInclude Include="TextureVertexShader.h">
      <Filter>Header Files</Filter>
    </ClInclude>
  </ItemGroup>
  <ItemGroup>
    <Image Include="..\omniscaler.ico">
      <Filter>Resource Files</Filter>
    </Image>
  </ItemGroup>
  <ItemGroup>
    <FxCompile Include="cursortexture_ps.hlsl">
      <Filter>Source Files</Filter>
    </FxCompile>
    <FxCompile Include="cursortexture_vs.hlsl">
      <Filter>Source Files</Filter>
    </FxCompile>
    <FxCompile Include="texture_ps.hlsl">
      <Filter>Source Files</Filter>
    </FxCompile>
    <FxCompile Include="texture_vs.hlsl">
      <Filter>Source Files</Filter>
    </FxCompile>
  </ItemGroup>
</Project>